
Microsoft Visual Studio Solution File, Format Version 12.00
# Visual Studio Version 16
VisualStudioVersion = 16.0.31624.102
MinimumVisualStudioVersion = 10.0.40219.1
Project("{9A19103F-16F7-4668-BE54-9A1E7A4F7556}") = "BEOPM4_03_01", "BEOPM4_03_01\BEOPM4_03_01.csproj", "{BC282176-8C0B-4201-B592-BFCA2CE00CA1}"
EndProject
Project("{9A19103F-16F7-4668-BE54-9A1E7A4F7556}") = "BEOPM4_03_02", "BEOPM4_03_02\BEOPM4_03_02.csproj", "{EA503142-C93D-4414-A439-EAF6EF68CF33}"
EndProject
Project("{9A19103F-16F7-4668-BE54-9A1E7A4F7556}") = "BEOPM4_03_03", "BEOPM4_03_03\BEOPM4_03_03.csproj", "{516613D6-481F-4896-889D-77B4D4DAD359}"
EndProject
Project("{9A19103F-16F7-4668-BE54-9A1E7A4F7556}") = "BEOPM4_03_04", "BEOPM4_03_04\BEOPM4_03_04.csproj", "{B791DAC5-D6C1-40C2-A859-2A52CDB00005}"
EndProject
Project("{9A19103F-16F7-4668-BE54-9A1E7A4F7556}") = "BEOPM4_03_05", "BEOPM4_03_05\BEOPM4_03_05.csproj", "{B632C758-8F5D-437F-BEA9-9CF753E02129}"
EndProject
Project("{9A19103F-16F7-4668-BE54-9A1E7A4F7556}") = "BEOPM4_03_06", "BEOPM4_03_06\BEOPM4_03_06.csproj", "{32A2209E-AF65-4F3A-BA25-D3F6DF0A3F68}"
EndProject
Project("{9A19103F-16F7-4668-BE54-9A1E7A4F7556}") = "BEOPM4_03_07", "BEOPM4_03_07\BEOPM4_03_07.csproj", "{12CB2987-E52E-45CC-A386-9F5A14A422DB}"
EndProject
Project("{FAE04EC0-301F-11D3-BF4B-00C04F79EFBC}") = "BEOPM4_03_09", "BEOPM4_03_09\BEOPM4_03_09.csproj", "{0DC6BA75-C44C-48D2-B975-EDA0AB7F827A}"
EndProject
Project("{FAE04EC0-301F-11D3-BF4B-00C04F79EFBC}") = "BEOPM4_03_10", "BEOPM4_03_10\BEOPM4_03_10.csproj", "{13BDCB47-7CB8-4B3E-AC9D-AC8B5F6EF690}"
EndProject
Global
	GlobalSection(SolutionConfigurationPlatforms) = preSolution
		Debug|Any CPU = Debug|Any CPU
		Release|Any CPU = Release|Any CPU
	EndGlobalSection
	GlobalSection(ProjectConfigurationPlatforms) = postSolution
		{BC282176-8C0B-4201-B592-BFCA2CE00CA1}.Debug|Any CPU.ActiveCfg = Debug|Any CPU
		{BC282176-8C0B-4201-B592-BFCA2CE00CA1}.Debug|Any CPU.Build.0 = Debug|Any CPU
		{BC282176-8C0B-4201-B592-BFCA2CE00CA1}.Release|Any CPU.ActiveCfg = Release|Any CPU
		{BC282176-8C0B-4201-B592-BFCA2CE00CA1}.Release|Any CPU.Build.0 = Release|Any CPU
		{EA503142-C93D-4414-A439-EAF6EF68CF33}.Debug|Any CPU.ActiveCfg = Debug|Any CPU
		{EA503142-C93D-4414-A439-EAF6EF68CF33}.Debug|Any CPU.Build.0 = Debug|Any CPU
		{EA503142-C93D-4414-A439-EAF6EF68CF33}.Release|Any CPU.ActiveCfg = Release|Any CPU
		{EA503142-C93D-4414-A439-EAF6EF68CF33}.Release|Any CPU.Build.0 = Release|Any CPU
		{516613D6-481F-4896-889D-77B4D4DAD359}.Debug|Any CPU.ActiveCfg = Debug|Any CPU
		{516613D6-481F-4896-889D-77B4D4DAD359}.Debug|Any CPU.Build.0 = Debug|Any CPU
		{516613D6-481F-4896-889D-77B4D4DAD359}.Release|Any CPU.ActiveCfg = Release|Any CPU
		{516613D6-481F-4896-889D-77B4D4DAD359}.Release|Any CPU.Build.0 = Release|Any CPU
		{B791DAC5-D6C1-40C2-A859-2A52CDB00005}.Debug|Any CPU.ActiveCfg = Debug|Any CPU
		{B791DAC5-D6C1-40C2-A859-2A52CDB00005}.Debug|Any CPU.Build.0 = Debug|Any CPU
		{B791DAC5-D6C1-40C2-A859-2A52CDB00005}.Release|Any CPU.ActiveCfg = Release|Any CPU
		{B791DAC5-D6C1-40C2-A859-2A52CDB00005}.Release|Any CPU.Build.0 = Release|Any CPU
		{B632C758-8F5D-437F-BEA9-9CF753E02129}.Debug|Any CPU.ActiveCfg = Debug|Any CPU
		{B632C758-8F5D-437F-BEA9-9CF753E02129}.Debug|Any CPU.Build.0 = Debug|Any CPU
		{B632C758-8F5D-437F-BEA9-9CF753E02129}.Release|Any CPU.ActiveCfg = Release|Any CPU
		{B632C758-8F5D-437F-BEA9-9CF753E02129}.Release|Any CPU.Build.0 = Release|Any CPU
		{32A2209E-AF65-4F3A-BA25-D3F6DF0A3F68}.Debug|Any CPU.ActiveCfg = Debug|Any CPU
		{32A2209E-AF65-4F3A-BA25-D3F6DF0A3F68}.Debug|Any CPU.Build.0 = Debug|Any CPU
		{32A2209E-AF65-4F3A-BA25-D3F6DF0A3F68}.Release|Any CPU.ActiveCfg = Release|Any CPU
		{32A2209E-AF65-4F3A-BA25-D3F6DF0A3F68}.Release|Any CPU.Build.0 = Release|Any CPU
		{12CB2987-E52E-45CC-A386-9F5A14A422DB}.Debug|Any CPU.ActiveCfg = Debug|Any CPU
		{12CB2987-E52E-45CC-A386-9F5A14A422DB}.Debug|Any CPU.Build.0 = Debug|Any CPU
		{12CB2987-E52E-45CC-A386-9F5A14A422DB}.Release|Any CPU.ActiveCfg = Release|Any CPU
		{12CB2987-E52E-45CC-A386-9F5A14A422DB}.Release|Any CPU.Build.0 = Release|Any CPU
		{0DC6BA75-C44C-48D2-B975-EDA0AB7F827A}.Debug|Any CPU.ActiveCfg = Debug|Any CPU
		{0DC6BA75-C44C-48D2-B975-EDA0AB7F827A}.Debug|Any CPU.Build.0 = Debug|Any CPU
		{0DC6BA75-C44C-48D2-B975-EDA0AB7F827A}.Release|Any CPU.ActiveCfg = Release|Any CPU
		{0DC6BA75-C44C-48D2-B975-EDA0AB7F827A}.Release|Any CPU.Build.0 = Release|Any CPU
		{13BDCB47-7CB8-4B3E-AC9D-AC8B5F6EF690}.Debug|Any CPU.ActiveCfg = Debug|Any CPU
		{13BDCB47-7CB8-4B3E-AC9D-AC8B5F6EF690}.Debug|Any CPU.Build.0 = Debug|Any CPU
		{13BDCB47-7CB8-4B3E-AC9D-AC8B5F6EF690}.Release|Any CPU.ActiveCfg = Release|Any CPU
		{13BDCB47-7CB8-4B3E-AC9D-AC8B5F6EF690}.Release|Any CPU.Build.0 = Release|Any CPU
	EndGlobalSection
	GlobalSection(SolutionProperties) = preSolution
		HideSolutionNode = FALSE
	EndGlobalSection
	GlobalSection(ExtensibilityGlobals) = postSolution
		SolutionGuid = {7A2A3344-C653-46BF-96AC-294CC95D6978}
	EndGlobalSection
EndGlobal
